
Microsoft Visual Studio Solution File, Format Version 12.00
# Visual Studio Version 17
VisualStudioVersion = 17.8.34408.163
MinimumVisualStudioVersion = 10.0.40219.1
Project("{FAE04EC0-301F-11D3-BF4B-00C04F79EFBC}") = "Aula10", "Aula10\Aula10.csproj", "{68CF78A8-49C2-4DBA-9FF6-2858E5178E1C}"
EndProject
Global
	GlobalSection(SolutionConfigurationPlatforms) = preSolution
		Debug|Any CPU = Debug|Any CPU
		Release|Any CPU = Release|Any CPU
	EndGlobalSection
	GlobalSection(ProjectConfigurationPlatforms) = postSolution
		{68CF78A8-49C2-4DBA-9FF6-2858E5178E1C}.Debug|Any CPU.ActiveCfg = Debug|Any CPU
		{68CF78A8-49C2-4DBA-9FF6-2858E5178E1C}.Debug|Any CPU.Build.0 = Debug|Any CPU
		{68CF78A8-49C2-4DBA-9FF6-2858E5178E1C}.Release|Any CPU.ActiveCfg = Release|Any CPU
		{68CF78A8-49C2-4DBA-9FF6-2858E5178E1C}.Release|Any CPU.Build.0 = Release|Any CPU
	EndGlobalSection
	GlobalSection(SolutionProperties) = preSolution
		HideSolutionNode = FALSE
	EndGlobalSection
	GlobalSection(ExtensibilityGlobals) = postSolution
		SolutionGuid = {6597DFA7-8C3E-4B8E-9240-AF6E26AF1314}
	EndGlobalSection
EndGlobal
